PODS:
  - Alamofire (5.6.2)
  - JGProgressHUD (2.2)
  - Moya (15.0.0):
    - Moya/Core (= 15.0.0)
  - Moya/Core (15.0.0):
    - Alamofire (~> 5.0)

DEPENDENCIES:
  - JGProgressHUD (~> 2.2)
  - Moya (~> 15.0)

SPEC REPOS:
  trunk:
    - Alamofire
    - JGProgressHUD
    - Moya

SPEC CHECKSUMS:
  Alamofire: d368e1ff8a298e6dde360e35a3e68e6c610e7204
  JGProgressHUD: d83d7a981b85d11205e19ff8ad5bb9c40571c847
  Moya: 138f0573e53411fb3dc17016add0b748dfbd78ee

PODFILE CHECKSUM: a01c6d92a8970440a7aa42da3eb92fd635dcc5bd

COCOAPODS: 1.11.3
