// !$*UTF8*$!
{
	archiveVersion = 1;
	classes = {
	};
	objectVersion = 55;
	objects = {

/* Begin PBXBuildFile section */
		860AEF8828ABF36A004DDA3C /* UpcomingResponse.swift in Sources */ = {isa = PBXBuildFile; fileRef = 860AEF8728ABF36A004DDA3C /* UpcomingResponse.swift */; };
		860AEF8A28ABF3AE004DDA3C /* Movie.swift in Sources */ = {isa = PBXBuildFile; fileRef = 860AEF8928ABF3AE004DDA3C /* Movie.swift */; };
		860AEF8C28ABF407004DDA3C /* Dates.swift in Sources */ = {isa = PBXBuildFile; fileRef = 860AEF8B28ABF407004DDA3C /* Dates.swift */; };
		86410A3128ACE8BB0070246D /* API.swift in Sources */ = {isa = PBXBuildFile; fileRef = 86410A3028ACE8BB0070246D /* API.swift */; };
		864B4B9C28AF61E000165C0F /* NetworkError.swift in Sources */ = {isa = PBXBuildFile; fileRef = 864B4B9B28AF61E000165C0F /* NetworkError.swift */; };
		864B4B9E28AF620000165C0F /* UrlConstants.swift in Sources */ = {isa = PBXBuildFile; fileRef = 864B4B9D28AF620000165C0F /* UrlConstants.swift */; };
		864B4BA028AF621000165C0F /* NetworkManager.swift in Sources */ = {isa = PBXBuildFile; fileRef = 864B4B9F28AF621000165C0F /* NetworkManager.swift */; };
		868C19EC28AA9C36005388EF /* AppDelegate.swift in Sources */ = {isa = PBXBuildFile; fileRef = 868C19EB28AA9C36005388EF /* AppDelegate.swift */; };
		868C19EE28AA9C36005388EF /* SceneDelegate.swift in Sources */ = {isa = PBXBuildFile; fileRef = 868C19ED28AA9C36005388EF /* SceneDelegate.swift */; };
		868C19F528AA9C39005388EF /* Assets.xcassets in Resources */ = {isa = PBXBuildFile; fileRef = 868C19F428AA9C39005388EF /* Assets.xcassets */; };
		868C1A0128AA9DE6005388EF /* AppContainer.swift in Sources */ = {isa = PBXBuildFile; fileRef = 868C1A0028AA9DE6005388EF /* AppContainer.swift */; };
		868C1A0D28AAA63A005388EF /* Splash.storyboard in Resources */ = {isa = PBXBuildFile; fileRef = 868C1A0C28AAA63A005388EF /* Splash.storyboard */; };
		868C1A0F28AAA98C005388EF /* SplashViewController.swift in Sources */ = {isa = PBXBuildFile; fileRef = 868C1A0E28AAA98C005388EF /* SplashViewController.swift */; };
		868C1A1428AAAD51005388EF /* MovieListVC.swift in Sources */ = {isa = PBXBuildFile; fileRef = 868C1A1328AAAD51005388EF /* MovieListVC.swift */; };
		868C1A1628AAAD76005388EF /* MovieList.storyboard in Resources */ = {isa = PBXBuildFile; fileRef = 868C1A1528AAAD76005388EF /* MovieList.storyboard */; };
		868C1A1C28AB932B005388EF /* UIViewController+Ext.swift in Sources */ = {isa = PBXBuildFile; fileRef = 868C1A1B28AB932B005388EF /* UIViewController+Ext.swift */; };
		868C1A1E28AB93ED005388EF /* SplashBuilder.swift in Sources */ = {isa = PBXBuildFile; fileRef = 868C1A1D28AB93ED005388EF /* SplashBuilder.swift */; };
		868C1A2028AB9681005388EF /* MovieListBuilder.swift in Sources */ = {isa = PBXBuildFile; fileRef = 868C1A1F28AB9681005388EF /* MovieListBuilder.swift */; };
		868EFC0F28AF7AAC002FFDA1 /* MovieCell.swift in Sources */ = {isa = PBXBuildFile; fileRef = 868EFC0D28AF7AAC002FFDA1 /* MovieCell.swift */; };
		868EFC1028AF7AAC002FFDA1 /* MovieCell.xib in Resources */ = {isa = PBXBuildFile; fileRef = 868EFC0E28AF7AAC002FFDA1 /* MovieCell.xib */; };
		868EFC1228AF7B66002FFDA1 /* UIView+Ext.swift in Sources */ = {isa = PBXBuildFile; fileRef = 868EFC1128AF7B66002FFDA1 /* UIView+Ext.swift */; };
		869A741E28ABC64C00E3BB3B /* MovieListPresentation.swift in Sources */ = {isa = PBXBuildFile; fileRef = 869A741D28ABC64C00E3BB3B /* MovieListPresentation.swift */; };
		869A742228ABC73E00E3BB3B /* MovieListContracts.swift in Sources */ = {isa = PBXBuildFile; fileRef = 869A742128ABC73E00E3BB3B /* MovieListContracts.swift */; };
		869A742728ABC7F500E3BB3B /* MovieDetailVC.swift in Sources */ = {isa = PBXBuildFile; fileRef = 869A742628ABC7F500E3BB3B /* MovieDetailVC.swift */; };
		869A742928ABC80B00E3BB3B /* MovieDetailBuilder.swift in Sources */ = {isa = PBXBuildFile; fileRef = 869A742828ABC80B00E3BB3B /* MovieDetailBuilder.swift */; };
		869A742B28ABC88300E3BB3B /* MovieDetailContracts.swift in Sources */ = {isa = PBXBuildFile; fileRef = 869A742A28ABC88300E3BB3B /* MovieDetailContracts.swift */; };
		869A742D28ABC89B00E3BB3B /* MovieListViewModel.swift in Sources */ = {isa = PBXBuildFile; fileRef = 869A742C28ABC89B00E3BB3B /* MovieListViewModel.swift */; };
		869A742F28ABCCD900E3BB3B /* MovieDetailViewModel.swift in Sources */ = {isa = PBXBuildFile; fileRef = 869A742E28ABCCD900E3BB3B /* MovieDetailViewModel.swift */; };
		869A743128ABCD1000E3BB3B /* MovieDetailPresentation.swift in Sources */ = {isa = PBXBuildFile; fileRef = 869A743028ABCD1000E3BB3B /* MovieDetailPresentation.swift */; };
		86BFC65128AFD9730057A3C4 /* UIImage+Ext.swift in Sources */ = {isa = PBXBuildFile; fileRef = 86BFC65028AFD9730057A3C4 /* UIImage+Ext.swift */; };
		AE555057BB74ECF142F4006B /* Pods_TMDb_Demo.framework in Frameworks */ = {isa = PBXBuildFile; fileRef = 116FA7D2056028A783FE6B86 /* Pods_TMDb_Demo.framework */; };
/* End PBXBuildFile section */

/* Begin PBXFileReference section */
		116FA7D2056028A783FE6B86 /* Pods_TMDb_Demo.framework */ = {isa = PBXFileReference; explicitFileType = wrapper.framework; includeInIndex = 0; path = Pods_TMDb_Demo.framework; sourceTree = BUILT_PRODUCTS_DIR; };
		6AC8C1287532DEA92B079BAE /* Pods-TMDb-Demo.debug.xcconfig */ = {isa = PBXFileReference; includeInIndex = 1; lastKnownFileType = text.xcconfig; name = "Pods-TMDb-Demo.debug.xcconfig"; path = "Target Support Files/Pods-TMDb-Demo/Pods-TMDb-Demo.debug.xcconfig"; sourceTree = "<group>"; };
		860AEF8728ABF36A004DDA3C /* UpcomingResponse.swift */ = {isa = PBXFileReference; lastKnownFileType = sourcecode.swift; path = UpcomingResponse.swift; sourceTree = "<group>"; };
		860AEF8928ABF3AE004DDA3C /* Movie.swift */ = {isa = PBXFileReference; lastKnownFileType = sourcecode.swift; path = Movie.swift; sourceTree = "<group>"; };
		860AEF8B28ABF407004DDA3C /* Dates.swift */ = {isa = PBXFileReference; lastKnownFileType = sourcecode.swift; path = Dates.swift; sourceTree = "<group>"; };
		86410A3028ACE8BB0070246D /* API.swift */ = {isa = PBXFileReference; lastKnownFileType = sourcecode.swift; path = API.swift; sourceTree = "<group>"; };
		864B4B9B28AF61E000165C0F /* NetworkError.swift */ = {isa = PBXFileReference; lastKnownFileType = sourcecode.swift; path = NetworkError.swift; sourceTree = "<group>"; };
		864B4B9D28AF620000165C0F /* UrlConstants.swift */ = {isa = PBXFileReference; lastKnownFileType = sourcecode.swift; path = UrlConstants.swift; sourceTree = "<group>"; };
		864B4B9F28AF621000165C0F /* NetworkManager.swift */ = {isa = PBXFileReference; lastKnownFileType = sourcecode.swift; path = NetworkManager.swift; sourceTree = "<group>"; };
		868C19E828AA9C36005388EF /* TMDb-Demo.app */ = {isa = PBXFileReference; explicitFileType = wrapper.application; includeInIndex = 0; path = "TMDb-Demo.app"; sourceTree = BUILT_PRODUCTS_DIR; };
		868C19EB28AA9C36005388EF /* AppDelegate.swift */ = {isa = PBXFileReference; lastKnownFileType = sourcecode.swift; path = AppDelegate.swift; sourceTree = "<group>"; };
		868C19ED28AA9C36005388EF /* SceneDelegate.swift */ = {isa = PBXFileReference; lastKnownFileType = sourcecode.swift; path = SceneDelegate.swift; sourceTree = "<group>"; };
		868C19F428AA9C39005388EF /* Assets.xcassets */ = {isa = PBXFileReference; lastKnownFileType = folder.assetcatalog; path = Assets.xcassets; sourceTree = "<group>"; };
		868C19F928AA9C39005388EF /* Info.plist */ = {isa = PBXFileReference; lastKnownFileType = text.plist.xml; path = Info.plist; sourceTree = "<group>"; };
		868C1A0028AA9DE6005388EF /* AppContainer.swift */ = {isa = PBXFileReference; lastKnownFileType = sourcecode.swift; path = AppContainer.swift; sourceTree = "<group>"; };
		868C1A0C28AAA63A005388EF /* Splash.storyboard */ = {isa = PBXFileReference; lastKnownFileType = file.storyboard; path = Splash.storyboard; sourceTree = "<group>"; };
		868C1A0E28AAA98C005388EF /* SplashViewController.swift */ = {isa = PBXFileReference; lastKnownFileType = sourcecode.swift; path = SplashViewController.swift; sourceTree = "<group>"; };
		868C1A1328AAAD51005388EF /* MovieListVC.swift */ = {isa = PBXFileReference; lastKnownFileType = sourcecode.swift; path = MovieListVC.swift; sourceTree = "<group>"; };
		868C1A1528AAAD76005388EF /* MovieList.storyboard */ = {isa = PBXFileReference; lastKnownFileType = file.storyboard; path = MovieList.storyboard; sourceTree = "<group>"; };
		868C1A1B28AB932B005388EF /* UIViewController+Ext.swift */ = {isa = PBXFileReference; lastKnownFileType = sourcecode.swift; path = "UIViewController+Ext.swift"; sourceTree = "<group>"; };
		868C1A1D28AB93ED005388EF /* SplashBuilder.swift */ = {isa = PBXFileReference; lastKnownFileType = sourcecode.swift; path = SplashBuilder.swift; sourceTree = "<group>"; };
		868C1A1F28AB9681005388EF /* MovieListBuilder.swift */ = {isa = PBXFileReference; lastKnownFileType = sourcecode.swift; path = MovieListBuilder.swift; sourceTree = "<group>"; };
		868EFC0D28AF7AAC002FFDA1 /* MovieCell.swift */ = {isa = PBXFileReference; lastKnownFileType = sourcecode.swift; path = MovieCell.swift; sourceTree = "<group>"; };
		868EFC0E28AF7AAC002FFDA1 /* MovieCell.xib */ = {isa = PBXFileReference; lastKnownFileType = file.xib; path = MovieCell.xib; sourceTree = "<group>"; };
		868EFC1128AF7B66002FFDA1 /* UIView+Ext.swift */ = {isa = PBXFileReference; lastKnownFileType = sourcecode.swift; path = "UIView+Ext.swift"; sourceTree = "<group>"; };
		869A741D28ABC64C00E3BB3B /* MovieListPresentation.swift */ = {isa = PBXFileReference; lastKnownFileType = sourcecode.swift; path = MovieListPresentation.swift; sourceTree = "<group>"; };
		869A742128ABC73E00E3BB3B /* MovieListContracts.swift */ = {isa = PBXFileReference; lastKnownFileType = sourcecode.swift; path = MovieListContracts.swift; sourceTree = "<group>"; };
		869A742628ABC7F500E3BB3B /* MovieDetailVC.swift */ = {isa = PBXFileReference; lastKnownFileType = sourcecode.swift; path = MovieDetailVC.swift; sourceTree = "<group>"; };
		869A742828ABC80B00E3BB3B /* MovieDetailBuilder.swift */ = {isa = PBXFileReference; lastKnownFileType = sourcecode.swift; path = MovieDetailBuilder.swift; sourceTree = "<group>"; };
		869A742A28ABC88300E3BB3B /* MovieDetailContracts.swift */ = {isa = PBXFileReference; lastKnownFileType = sourcecode.swift; path = MovieDetailContracts.swift; sourceTree = "<group>"; };
		869A742C28ABC89B00E3BB3B /* MovieListViewModel.swift */ = {isa = PBXFileReference; lastKnownFileType = sourcecode.swift; path = MovieListViewModel.swift; sourceTree = "<group>"; };
		869A742E28ABCCD900E3BB3B /* MovieDetailViewModel.swift */ = {isa = PBXFileReference; lastKnownFileType = sourcecode.swift; path = MovieDetailViewModel.swift; sourceTree = "<group>"; };
		869A743028ABCD1000E3BB3B /* MovieDetailPresentation.swift */ = {isa = PBXFileReference; lastKnownFileType = sourcecode.swift; path = MovieDetailPresentation.swift; sourceTree = "<group>"; };
		86BFC65028AFD9730057A3C4 /* UIImage+Ext.swift */ = {isa = PBXFileReference; lastKnownFileType = sourcecode.swift; path = "UIImage+Ext.swift"; sourceTree = "<group>"; };
		CD63CE3D8B0ADAE3FFDEB6A5 /* Pods-TMDb-Demo.release.xcconfig */ = {isa = PBXFileReference; includeInIndex = 1; lastKnownFileType = text.xcconfig; name = "Pods-TMDb-Demo.release.xcconfig"; path = "Target Support Files/Pods-TMDb-Demo/Pods-TMDb-Demo.release.xcconfig"; sourceTree = "<group>"; };
/* End PBXFileReference section */

/* Begin PBXFrameworksBuildPhase section */
		868C19E528AA9C36005388EF /* Frameworks */ = {
			isa = PBXFrameworksBuildPhase;
			buildActionMask = 2147483647;
			files = (
				AE555057BB74ECF142F4006B /* Pods_TMDb_Demo.framework in Frameworks */,
			);
			runOnlyForDeploymentPostprocessing = 0;
		};
/* End PBXFrameworksBuildPhase section */

/* Begin PBXGroup section */
		19CC77FB691FB90D324FB0C4 /* Pods */ = {
			isa = PBXGroup;
			children = (
				6AC8C1287532DEA92B079BAE /* Pods-TMDb-Demo.debug.xcconfig */,
				CD63CE3D8B0ADAE3FFDEB6A5 /* Pods-TMDb-Demo.release.xcconfig */,
			);
			path = Pods;
			sourceTree = "<group>";
		};
		868C19DF28AA9C36005388EF = {
			isa = PBXGroup;
			children = (
				868C19EA28AA9C36005388EF /* TMDb-Demo */,
				868C19E928AA9C36005388EF /* Products */,
				19CC77FB691FB90D324FB0C4 /* Pods */,
				ED1300B47EA47C7969A6E802 /* Frameworks */,
			);
			sourceTree = "<group>";
		};
		868C19E928AA9C36005388EF /* Products */ = {
			isa = PBXGroup;
			children = (
				868C19E828AA9C36005388EF /* TMDb-Demo.app */,
			);
			name = Products;
			sourceTree = "<group>";
		};
		868C19EA28AA9C36005388EF /* TMDb-Demo */ = {
			isa = PBXGroup;
			children = (
				868C19FF28AA9DC1005388EF /* App */,
				868C1A0528AAA4B0005388EF /* Scenes */,
				868C1A0B28AAA564005388EF /* Storyboards */,
				868C1A2328AB9B5F005388EF /* Network */,
				868C1A1228AAAB1E005388EF /* Extensions */,
				868C19F428AA9C39005388EF /* Assets.xcassets */,
				868C19F928AA9C39005388EF /* Info.plist */,
			);
			path = "TMDb-Demo";
			sourceTree = "<group>";
		};
		868C19FF28AA9DC1005388EF /* App */ = {
			isa = PBXGroup;
			children = (
				868C1A0028AA9DE6005388EF /* AppContainer.swift */,
				868C19EB28AA9C36005388EF /* AppDelegate.swift */,
				868C19ED28AA9C36005388EF /* SceneDelegate.swift */,
			);
			path = App;
			sourceTree = "<group>";
		};
		868C1A0528AAA4B0005388EF /* Scenes */ = {
			isa = PBXGroup;
			children = (
				869A742528ABC77B00E3BB3B /* MovieListDetail */,
				868C1A0928AAA538005388EF /* MovieList */,
				868C1A0828AAA52E005388EF /* Splash */,
			);
			path = Scenes;
			sourceTree = "<group>";
		};
		868C1A0828AAA52E005388EF /* Splash */ = {
			isa = PBXGroup;
			children = (
				868C1A0E28AAA98C005388EF /* SplashViewController.swift */,
				868C1A1D28AB93ED005388EF /* SplashBuilder.swift */,
			);
			path = Splash;
			sourceTree = "<group>";
		};
		868C1A0928AAA538005388EF /* MovieList */ = {
			isa = PBXGroup;
			children = (
				868EFC0628AF795B002FFDA1 /* Cells */,
				868C1A1F28AB9681005388EF /* MovieListBuilder.swift */,
				869A742128ABC73E00E3BB3B /* MovieListContracts.swift */,
				869A741D28ABC64C00E3BB3B /* MovieListPresentation.swift */,
				868C1A1328AAAD51005388EF /* MovieListVC.swift */,
				869A742C28ABC89B00E3BB3B /* MovieListViewModel.swift */,
			);
			path = MovieList;
			sourceTree = "<group>";
		};
		868C1A0B28AAA564005388EF /* Storyboards */ = {
			isa = PBXGroup;
			children = (
				868C1A1528AAAD76005388EF /* MovieList.storyboard */,
				868C1A0C28AAA63A005388EF /* Splash.storyboard */,
			);
			path = Storyboards;
			sourceTree = "<group>";
		};
		868C1A1228AAAB1E005388EF /* Extensions */ = {
			isa = PBXGroup;
			children = (
				868C1A1B28AB932B005388EF /* UIViewController+Ext.swift */,
				868EFC1128AF7B66002FFDA1 /* UIView+Ext.swift */,
				86BFC65028AFD9730057A3C4 /* UIImage+Ext.swift */,
			);
			path = Extensions;
			sourceTree = "<group>";
		};
		868C1A2328AB9B5F005388EF /* Network */ = {
			isa = PBXGroup;
			children = (
				868C1A2C28ABA3B9005388EF /* Models */,
				86410A3028ACE8BB0070246D /* API.swift */,
				864B4B9D28AF620000165C0F /* UrlConstants.swift */,
				864B4B9F28AF621000165C0F /* NetworkManager.swift */,
				864B4B9B28AF61E000165C0F /* NetworkError.swift */,
			);
			path = Network;
			sourceTree = "<group>";
		};
		868C1A2C28ABA3B9005388EF /* Models */ = {
			isa = PBXGroup;
			children = (
				868C1A2D28ABA42D005388EF /* UpcomingResponse */,
			);
			path = Models;
			sourceTree = "<group>";
		};
		868C1A2D28ABA42D005388EF /* UpcomingResponse */ = {
			isa = PBXGroup;
			children = (
				860AEF8728ABF36A004DDA3C /* UpcomingResponse.swift */,
				860AEF8B28ABF407004DDA3C /* Dates.swift */,
				860AEF8928ABF3AE004DDA3C /* Movie.swift */,
			);
			path = UpcomingResponse;
			sourceTree = "<group>";
		};
		868EFC0628AF795B002FFDA1 /* Cells */ = {
			isa = PBXGroup;
			children = (
				868EFC0D28AF7AAC002FFDA1 /* MovieCell.swift */,
				868EFC0E28AF7AAC002FFDA1 /* MovieCell.xib */,
			);
			path = Cells;
			sourceTree = "<group>";
		};
		869A742528ABC77B00E3BB3B /* MovieListDetail */ = {
			isa = PBXGroup;
			children = (
				869A742628ABC7F500E3BB3B /* MovieDetailVC.swift */,
				869A742828ABC80B00E3BB3B /* MovieDetailBuilder.swift */,
				869A742A28ABC88300E3BB3B /* MovieDetailContracts.swift */,
				869A742E28ABCCD900E3BB3B /* MovieDetailViewModel.swift */,
				869A743028ABCD1000E3BB3B /* MovieDetailPresentation.swift */,
			);
			path = MovieListDetail;
			sourceTree = "<group>";
		};
		ED1300B47EA47C7969A6E802 /* Frameworks */ = {
			isa = PBXGroup;
			children = (
				116FA7D2056028A783FE6B86 /* Pods_TMDb_Demo.framework */,
			);
			name = Frameworks;
			sourceTree = "<group>";
		};
/* End PBXGroup section */

/* Begin PBXNativeTarget section */
		868C19E728AA9C36005388EF /* TMDb-Demo */ = {
			isa = PBXNativeTarget;
			buildConfigurationList = 868C19FC28AA9C39005388EF /* Build configuration list for PBXNativeTarget "TMDb-Demo" */;
			buildPhases = (
				3BDEA727CF8E0255EDC55A5F /* [CP] Check Pods Manifest.lock */,
				868C19E428AA9C36005388EF /* Sources */,
				868C19E528AA9C36005388EF /* Frameworks */,
				868C19E628AA9C36005388EF /* Resources */,
				F305B24FFD527636601D76F2 /* [CP] Embed Pods Frameworks */,
			);
			buildRules = (
			);
			dependencies = (
			);
			name = "TMDb-Demo";
			productName = "TMDb-Demo";
			productReference = 868C19E828AA9C36005388EF /* TMDb-Demo.app */;
			productType = "com.apple.product-type.application";
		};
/* End PBXNativeTarget section */

/* Begin PBXProject section */
		868C19E028AA9C36005388EF /* Project object */ = {
			isa = PBXProject;
			attributes = {
				BuildIndependentTargetsInParallel = 1;
				LastSwiftUpdateCheck = 1320;
				LastUpgradeCheck = 1320;
				TargetAttributes = {
					868C19E728AA9C36005388EF = {
						CreatedOnToolsVersion = 13.2.1;
					};
				};
			};
			buildConfigurationList = 868C19E328AA9C36005388EF /* Build configuration list for PBXProject "TMDb-Demo" */;
			compatibilityVersion = "Xcode 13.0";
			developmentRegion = en;
			hasScannedForEncodings = 0;
			knownRegions = (
				en,
				Base,
			);
			mainGroup = 868C19DF28AA9C36005388EF;
			productRefGroup = 868C19E928AA9C36005388EF /* Products */;
			projectDirPath = "";
			projectRoot = "";
			targets = (
				868C19E728AA9C36005388EF /* TMDb-Demo */,
			);
		};
/* End PBXProject section */

/* Begin PBXResourcesBuildPhase section */
		868C19E628AA9C36005388EF /* Resources */ = {
			isa = PBXResourcesBuildPhase;
			buildActionMask = 2147483647;
			files = (
				868C1A1628AAAD76005388EF /* MovieList.storyboard in Resources */,
				868C19F528AA9C39005388EF /* Assets.xcassets in Resources */,
				868EFC1028AF7AAC002FFDA1 /* MovieCell.xib in Resources */,
				868C1A0D28AAA63A005388EF /* Splash.storyboard in Resources */,
			);
			runOnlyForDeploymentPostprocessing = 0;
		};
/* End PBXResourcesBuildPhase section */

/* Begin PBXShellScriptBuildPhase section */
		3BDEA727CF8E0255EDC55A5F /* [CP] Check Pods Manifest.lock */ = {
			isa = PBXShellScriptBuildPhase;
			buildActionMask = 2147483647;
			files = (
			);
			inputFileListPaths = (
			);
			inputPaths = (
				"${PODS_PODFILE_DIR_PATH}/Podfile.lock",
				"${PODS_ROOT}/Manifest.lock",
			);
			name = "[CP] Check Pods Manifest.lock";
			outputFileListPaths = (
			);
			outputPaths = (
				"$(DERIVED_FILE_DIR)/Pods-TMDb-Demo-checkManifestLockResult.txt",
			);
			runOnlyForDeploymentPostprocessing = 0;
			shellPath = /bin/sh;
			shellScript = "diff \"${PODS_PODFILE_DIR_PATH}/Podfile.lock\" \"${PODS_ROOT}/Manifest.lock\" > /dev/null\nif [ $? != 0 ] ; then\n    # print error to STDERR\n    echo \"error: The sandbox is not in sync with the Podfile.lock. Run 'pod install' or update your CocoaPods installation.\" >&2\n    exit 1\nfi\n# This output is used by Xcode 'outputs' to avoid re-running this script phase.\necho \"SUCCESS\" > \"${SCRIPT_OUTPUT_FILE_0}\"\n";
			showEnvVarsInLog = 0;
		};
		F305B24FFD527636601D76F2 /* [CP] Embed Pods Frameworks */ = {
			isa = PBXShellScriptBuildPhase;
			buildActionMask = 2147483647;
			files = (
			);
			inputFileListPaths = (
				"${PODS_ROOT}/Target Support Files/Pods-TMDb-Demo/Pods-TMDb-Demo-frameworks-${CONFIGURATION}-input-files.xcfilelist",
			);
			name = "[CP] Embed Pods Frameworks";
			outputFileListPaths = (
				"${PODS_ROOT}/Target Support Files/Pods-TMDb-Demo/Pods-TMDb-Demo-frameworks-${CONFIGURATION}-output-files.xcfilelist",
			);
			runOnlyForDeploymentPostprocessing = 0;
			shellPath = /bin/sh;
			shellScript = "\"${PODS_ROOT}/Target Support Files/Pods-TMDb-Demo/Pods-TMDb-Demo-frameworks.sh\"\n";
			showEnvVarsInLog = 0;
		};
/* End PBXShellScriptBuildPhase section */

/* Begin PBXSourcesBuildPhase section */
		868C19E428AA9C36005388EF /* Sources */ = {
			isa = PBXSourcesBuildPhase;
			buildActionMask = 2147483647;
			files = (
				864B4BA028AF621000165C0F /* NetworkManager.swift in Sources */,
				868C1A1E28AB93ED005388EF /* SplashBuilder.swift in Sources */,
				868EFC0F28AF7AAC002FFDA1 /* MovieCell.swift in Sources */,
				869A742928ABC80B00E3BB3B /* MovieDetailBuilder.swift in Sources */,
				868C1A2028AB9681005388EF /* MovieListBuilder.swift in Sources */,
				869A742728ABC7F500E3BB3B /* MovieDetailVC.swift in Sources */,
				868C1A0128AA9DE6005388EF /* AppContainer.swift in Sources */,
				868C19EC28AA9C36005388EF /* AppDelegate.swift in Sources */,
				86BFC65128AFD9730057A3C4 /* UIImage+Ext.swift in Sources */,
				869A742F28ABCCD900E3BB3B /* MovieDetailViewModel.swift in Sources */,
				864B4B9E28AF620000165C0F /* UrlConstants.swift in Sources */,
				868C1A1C28AB932B005388EF /* UIViewController+Ext.swift in Sources */,
				868C19EE28AA9C36005388EF /* SceneDelegate.swift in Sources */,
				868EFC1228AF7B66002FFDA1 /* UIView+Ext.swift in Sources */,
				868C1A0F28AAA98C005388EF /* SplashViewController.swift in Sources */,
				860AEF8A28ABF3AE004DDA3C /* Movie.swift in Sources */,
				860AEF8828ABF36A004DDA3C /* UpcomingResponse.swift in Sources */,
				869A742B28ABC88300E3BB3B /* MovieDetailContracts.swift in Sources */,
				869A743128ABCD1000E3BB3B /* MovieDetailPresentation.swift in Sources */,
				86410A3128ACE8BB0070246D /* API.swift in Sources */,
				864B4B9C28AF61E000165C0F /* NetworkError.swift in Sources */,
				860AEF8C28ABF407004DDA3C /* Dates.swift in Sources */,
				868C1A1428AAAD51005388EF /* MovieListVC.swift in Sources */,
				869A742D28ABC89B00E3BB3B /* MovieListViewModel.swift in Sources */,
				869A742228ABC73E00E3BB3B /* MovieListContracts.swift in Sources */,
				869A741E28ABC64C00E3BB3B /* MovieListPresentation.swift in Sources */,
			);
			runOnlyForDeploymentPostprocessing = 0;
		};
/* End PBXSourcesBuildPhase section */

/* Begin XCBuildConfiguration section */
		868C19FA28AA9C39005388EF /* Debug */ = {
			isa = XCBuildConfiguration;
			buildSettings = {
				ALWAYS_SEARCH_USER_PATHS = NO;
				CLANG_ANALYZER_NONNULL = YES;
				CLANG_ANALYZER_NUMBER_OBJECT_CONVERSION = YES_AGGRESSIVE;
				CLANG_CXX_LANGUAGE_STANDARD = "gnu++17";
				CLANG_CXX_LIBRARY = "libc++";
				CLANG_ENABLE_MODULES = YES;
				CLANG_ENABLE_OBJC_ARC = YES;
				CLANG_ENABLE_OBJC_WEAK = YES;
				CLANG_WARN_BLOCK_CAPTURE_AUTORELEASING = YES;
				CLANG_WARN_BOOL_CONVERSION = YES;
				CLANG_WARN_COMMA = YES;
				CLANG_WARN_CONSTANT_CONVERSION = YES;
				CLANG_WARN_DEPRECATED_OBJC_IMPLEMENTATIONS = YES;
				CLANG_WARN_DIRECT_OBJC_ISA_USAGE = YES_ERROR;
				CLANG_WARN_DOCUMENTATION_COMMENTS = YES;
				CLANG_WARN_EMPTY_BODY = YES;
				CLANG_WARN_ENUM_CONVERSION = YES;
				CLANG_WARN_INFINITE_RECURSION = YES;
				CLANG_WARN_INT_CONVERSION = YES;
				CLANG_WARN_NON_LITERAL_NULL_CONVERSION = YES;
				CLANG_WARN_OBJC_IMPLICIT_RETAIN_SELF = YES;
				CLANG_WARN_OBJC_LITERAL_CONVERSION = YES;
				CLANG_WARN_OBJC_ROOT_CLASS = YES_ERROR;
				CLANG_WARN_QUOTED_INCLUDE_IN_FRAMEWORK_HEADER = YES;
				CLANG_WARN_RANGE_LOOP_ANALYSIS = YES;
				CLANG_WARN_STRICT_PROTOTYPES = YES;
				CLANG_WARN_SUSPICIOUS_MOVE = YES;
				CLANG_WARN_UNGUARDED_AVAILABILITY = YES_AGGRESSIVE;
				CLANG_WARN_UNREACHABLE_CODE = YES;
				CLANG_WARN__DUPLICATE_METHOD_MATCH = YES;
				COPY_PHASE_STRIP = NO;
				DEBUG_INFORMATION_FORMAT = dwarf;
				ENABLE_STRICT_OBJC_MSGSEND = YES;
				ENABLE_TESTABILITY = YES;
				GCC_C_LANGUAGE_STANDARD = gnu11;
				GCC_DYNAMIC_NO_PIC = NO;
				GCC_NO_COMMON_BLOCKS = YES;
				GCC_OPTIMIZATION_LEVEL = 0;
				GCC_PREPROCESSOR_DEFINITIONS = (
					"DEBUG=1",
					"$(inherited)",
				);
				GCC_WARN_64_TO_32_BIT_CONVERSION = YES;
				GCC_WARN_ABOUT_RETURN_TYPE = YES_ERROR;
				GCC_WARN_UNDECLARED_SELECTOR = YES;
				GCC_WARN_UNINITIALIZED_AUTOS = YES_AGGRESSIVE;
				GCC_WARN_UNUSED_FUNCTION = YES;
				GCC_WARN_UNUSED_VARIABLE = YES;
				IPHONEOS_DEPLOYMENT_TARGET = 15.2;
				MTL_ENABLE_DEBUG_INFO = INCLUDE_SOURCE;
				MTL_FAST_MATH = YES;
				ONLY_ACTIVE_ARCH = YES;
				SDKROOT = iphoneos;
				SWIFT_ACTIVE_COMPILATION_CONDITIONS = DEBUG;
				SWIFT_OPTIMIZATION_LEVEL = "-Onone";
			};
			name = Debug;
		};
		868C19FB28AA9C39005388EF /* Release */ = {
			isa = XCBuildConfiguration;
			buildSettings = {
				ALWAYS_SEARCH_USER_PATHS = NO;
				CLANG_ANALYZER_NONNULL = YES;
				CLANG_ANALYZER_NUMBER_OBJECT_CONVERSION = YES_AGGRESSIVE;
				CLANG_CXX_LANGUAGE_STANDARD = "gnu++17";
				CLANG_CXX_LIBRARY = "libc++";
				CLANG_ENABLE_MODULES = YES;
				CLANG_ENABLE_OBJC_ARC = YES;
				CLANG_ENABLE_OBJC_WEAK = YES;
				CLANG_WARN_BLOCK_CAPTURE_AUTORELEASING = YES;
				CLANG_WARN_BOOL_CONVERSION = YES;
				CLANG_WARN_COMMA = YES;
				CLANG_WARN_CONSTANT_CONVERSION = YES;
				CLANG_WARN_DEPRECATED_OBJC_IMPLEMENTATIONS = YES;
				CLANG_WARN_DIRECT_OBJC_ISA_USAGE = YES_ERROR;
				CLANG_WARN_DOCUMENTATION_COMMENTS = YES;
				CLANG_WARN_EMPTY_BODY = YES;
				CLANG_WARN_ENUM_CONVERSION = YES;
				CLANG_WARN_INFINITE_RECURSION = YES;
				CLANG_WARN_INT_CONVERSION = YES;
				CLANG_WARN_NON_LITERAL_NULL_CONVERSION = YES;
				CLANG_WARN_OBJC_IMPLICIT_RETAIN_SELF = YES;
				CLANG_WARN_OBJC_LITERAL_CONVERSION = YES;
				CLANG_WARN_OBJC_ROOT_CLASS = YES_ERROR;
				CLANG_WARN_QUOTED_INCLUDE_IN_FRAMEWORK_HEADER = YES;
				CLANG_WARN_RANGE_LOOP_ANALYSIS = YES;
				CLANG_WARN_STRICT_PROTOTYPES = YES;
				CLANG_WARN_SUSPICIOUS_MOVE = YES;
				CLANG_WARN_UNGUARDED_AVAILABILITY = YES_AGGRESSIVE;
				CLANG_WARN_UNREACHABLE_CODE = YES;
				CLANG_WARN__DUPLICATE_METHOD_MATCH = YES;
				COPY_PHASE_STRIP = NO;
				DEBUG_INFORMATION_FORMAT = "dwarf-with-dsym";
				ENABLE_NS_ASSERTIONS = NO;
				ENABLE_STRICT_OBJC_MSGSEND = YES;
				GCC_C_LANGUAGE_STANDARD = gnu11;
				GCC_NO_COMMON_BLOCKS = YES;
				GCC_WARN_64_TO_32_BIT_CONVERSION = YES;
				GCC_WARN_ABOUT_RETURN_TYPE = YES_ERROR;
				GCC_WARN_UNDECLARED_SELECTOR = YES;
				GCC_WARN_UNINITIALIZED_AUTOS = YES_AGGRESSIVE;
				GCC_WARN_UNUSED_FUNCTION = YES;
				GCC_WARN_UNUSED_VARIABLE = YES;
				IPHONEOS_DEPLOYMENT_TARGET = 15.2;
				MTL_ENABLE_DEBUG_INFO = NO;
				MTL_FAST_MATH = YES;
				SDKROOT = iphoneos;
				SWIFT_COMPILATION_MODE = wholemodule;
				SWIFT_OPTIMIZATION_LEVEL = "-O";
				VALIDATE_PRODUCT = YES;
			};
			name = Release;
		};
		868C19FD28AA9C39005388EF /* Debug */ = {
			isa = XCBuildConfiguration;
			baseConfigurationReference = 6AC8C1287532DEA92B079BAE /* Pods-TMDb-Demo.debug.xcconfig */;
			buildSettings = {
				ASSETCATALOG_COMPILER_APPICON_NAME = AppIcon;
				ASSETCATALOG_COMPILER_GLOBAL_ACCENT_COLOR_NAME = AccentColor;
				CODE_SIGN_STYLE = Automatic;
				CURRENT_PROJECT_VERSION = 1;
				DEVELOPMENT_TEAM = LHKK687892;
				GENERATE_INFOPLIST_FILE = YES;
				INFOPLIST_FILE = "TMDb-Demo/Info.plist";
				INFOPLIST_KEY_UIApplicationSupportsIndirectInputEvents = YES;
				INFOPLIST_KEY_UILaunchStoryboardName = Splash;
				INFOPLIST_KEY_UISupportedInterfaceOrientations_iPad = "UIInterfaceOrientationPortrait UIInterfaceOrientationPortraitUpsideDown UIInterfaceOrientationLandscapeLeft UIInterfaceOrientationLandscapeRight";
				INFOPLIST_KEY_UISupportedInterfaceOrientations_iPhone = "UIInterfaceOrientationPortrait UIInterfaceOrientationLandscapeLeft UIInterfaceOrientationLandscapeRight";
				IPHONEOS_DEPLOYMENT_TARGET = 13.0;
				LD_RUNPATH_SEARCH_PATHS = (
					"$(inherited)",
					"@executable_path/Frameworks",
				);
				MARKETING_VERSION = 1.0;
				PRODUCT_BUNDLE_IDENTIFIER = "com.ck.TMDb-Demo";
				PRODUCT_NAME = "$(TARGET_NAME)";
				SWIFT_EMIT_LOC_STRINGS = YES;
				SWIFT_VERSION = 5.0;
				TARGETED_DEVICE_FAMILY = "1,2";
			};
			name = Debug;
		};
		868C19FE28AA9C39005388EF /* Release */ = {
			isa = XCBuildConfiguration;
			baseConfigurationReference = CD63CE3D8B0ADAE3FFDEB6A5 /* Pods-TMDb-Demo.release.xcconfig */;
			buildSettings = {
				ASSETCATALOG_COMPILER_APPICON_NAME = AppIcon;
				ASSETCATALOG_COMPILER_GLOBAL_ACCENT_COLOR_NAME = AccentColor;
				CODE_SIGN_STYLE = Automatic;
				CURRENT_PROJECT_VERSION = 1;
				DEVELOPMENT_TEAM = LHKK687892;
				GENERATE_INFOPLIST_FILE = YES;
				INFOPLIST_FILE = "TMDb-Demo/Info.plist";
				INFOPLIST_KEY_UIApplicationSupportsIndirectInputEvents = YES;
				INFOPLIST_KEY_UILaunchStoryboardName = Splash;
				INFOPLIST_KEY_UISupportedInterfaceOrientations_iPad = "UIInterfaceOrientationPortrait UIInterfaceOrientationPortraitUpsideDown UIInterfaceOrientationLandscapeLeft UIInterfaceOrientationLandscapeRight";
				INFOPLIST_KEY_UISupportedInterfaceOrientations_iPhone = "UIInterfaceOrientationPortrait UIInterfaceOrientationLandscapeLeft UIInterfaceOrientationLandscapeRight";
				IPHONEOS_DEPLOYMENT_TARGET = 13.0;
				LD_RUNPATH_SEARCH_PATHS = (
					"$(inherited)",
					"@executable_path/Frameworks",
				);
				MARKETING_VERSION = 1.0;
				PRODUCT_BUNDLE_IDENTIFIER = "com.ck.TMDb-Demo";
				PRODUCT_NAME = "$(TARGET_NAME)";
				SWIFT_EMIT_LOC_STRINGS = YES;
				SWIFT_VERSION = 5.0;
				TARGETED_DEVICE_FAMILY = "1,2";
			};
			name = Release;
		};
/* End XCBuildConfiguration section */

/* Begin XCConfigurationList section */
		868C19E328AA9C36005388EF /* Build configuration list for PBXProject "TMDb-Demo" */ = {
			isa = XCConfigurationList;
			buildConfigurations = (
				868C19FA28AA9C39005388EF /* Debug */,
				868C19FB28AA9C39005388EF /* Release */,
			);
			defaultConfigurationIsVisible = 0;
			defaultConfigurationName = Release;
		};
		868C19FC28AA9C39005388EF /* Build configuration list for PBXNativeTarget "TMDb-Demo" */ = {
			isa = XCConfigurationList;
			buildConfigurations = (
				868C19FD28AA9C39005388EF /* Debug */,
				868C19FE28AA9C39005388EF /* Release */,
			);
			defaultConfigurationIsVisible = 0;
			defaultConfigurationName = Release;
		};
/* End XCConfigurationList section */
	};
	rootObject = 868C19E028AA9C36005388EF /* Project object */;
}
